
Microsoft Visual Studio Solution File, Format Version 12.00
# Visual Studio Version 16
VisualStudioVersion = 16.0.31702.278
MinimumVisualStudioVersion = 10.0.40219.1
Project("{6EC3EE1D-3C4E-46DD-8F32-0CC8E7565705}") = "Task11", "Lab5\Task11\Task11.fsproj", "{D3FBA35A-C73F-4C76-AD57-C50B55011A2B}"
EndProject
Project("{6EC3EE1D-3C4E-46DD-8F32-0CC8E7565705}") = "Task12", "Lab5\Task12\Task12.fsproj", "{31C5258E-5633-4B0F-B2A6-56213F2F37F8}"
EndProject
Project("{6EC3EE1D-3C4E-46DD-8F32-0CC8E7565705}") = "Task13", "Lab5\Task13\Task13.fsproj", "{403AD0C1-4903-4890-92A2-7995B0D7CE96}"
EndProject
Project("{F2A71F9B-5D33-465A-A702-920D77279786}") = "Task14", "Lab5\Task14\Task14.fsproj", "{8ABC3517-7CEC-41D7-AC23-89A67DBF5495}"
EndProject
Project("{F2A71F9B-5D33-465A-A702-920D77279786}") = "Task15_16", "Lab5\Task15_16\Task15_16.fsproj", "{3BF92E70-A86A-4E21-9419-ED31ACD3FD34}"
EndProject
Global
	GlobalSection(SolutionConfigurationPlatforms) = preSolution
		Debug|Any CPU = Debug|Any CPU
		Release|Any CPU = Release|Any CPU
	EndGlobalSection
	GlobalSection(ProjectConfigurationPlatforms) = postSolution
		{D3FBA35A-C73F-4C76-AD57-C50B55011A2B}.Debug|Any CPU.ActiveCfg = Debug|Any CPU
		{D3FBA35A-C73F-4C76-AD57-C50B55011A2B}.Debug|Any CPU.Build.0 = Debug|Any CPU
		{D3FBA35A-C73F-4C76-AD57-C50B55011A2B}.Release|Any CPU.ActiveCfg = Release|Any CPU
		{D3FBA35A-C73F-4C76-AD57-C50B55011A2B}.Release|Any CPU.Build.0 = Release|Any CPU
		{31C5258E-5633-4B0F-B2A6-56213F2F37F8}.Debug|Any CPU.ActiveCfg = Debug|Any CPU
		{31C5258E-5633-4B0F-B2A6-56213F2F37F8}.Debug|Any CPU.Build.0 = Debug|Any CPU
		{31C5258E-5633-4B0F-B2A6-56213F2F37F8}.Release|Any CPU.ActiveCfg = Release|Any CPU
		{31C5258E-5633-4B0F-B2A6-56213F2F37F8}.Release|Any CPU.Build.0 = Release|Any CPU
		{403AD0C1-4903-4890-92A2-7995B0D7CE96}.Debug|Any CPU.ActiveCfg = Debug|Any CPU
		{403AD0C1-4903-4890-92A2-7995B0D7CE96}.Debug|Any CPU.Build.0 = Debug|Any CPU
		{403AD0C1-4903-4890-92A2-7995B0D7CE96}.Release|Any CPU.ActiveCfg = Release|Any CPU
		{403AD0C1-4903-4890-92A2-7995B0D7CE96}.Release|Any CPU.Build.0 = Release|Any CPU
		{8ABC3517-7CEC-41D7-AC23-89A67DBF5495}.Debug|Any CPU.ActiveCfg = Debug|Any CPU
		{8ABC3517-7CEC-41D7-AC23-89A67DBF5495}.Debug|Any CPU.Build.0 = Debug|Any CPU
		{8ABC3517-7CEC-41D7-AC23-89A67DBF5495}.Release|Any CPU.ActiveCfg = Release|Any CPU
		{8ABC3517-7CEC-41D7-AC23-89A67DBF5495}.Release|Any CPU.Build.0 = Release|Any CPU
		{3BF92E70-A86A-4E21-9419-ED31ACD3FD34}.Debug|Any CPU.ActiveCfg = Debug|Any CPU
		{3BF92E70-A86A-4E21-9419-ED31ACD3FD34}.Debug|Any CPU.Build.0 = Debug|Any CPU
		{3BF92E70-A86A-4E21-9419-ED31ACD3FD34}.Release|Any CPU.ActiveCfg = Release|Any CPU
		{3BF92E70-A86A-4E21-9419-ED31ACD3FD34}.Release|Any CPU.Build.0 = Release|Any CPU
	EndGlobalSection
	GlobalSection(SolutionProperties) = preSolution
		HideSolutionNode = FALSE
	EndGlobalSection
	GlobalSection(ExtensibilityGlobals) = postSolution
		SolutionGuid = {06EA7D30-F58A-44DF-B808-3A4646139B6A}
	EndGlobalSection
EndGlobal
