
Microsoft Visual Studio Solution File, Format Version 12.00
# Visual Studio Version 16
VisualStudioVersion = 16.0.31702.278
MinimumVisualStudioVersion = 10.0.40219.1
Project("{6EC3EE1D-3C4E-46DD-8F32-0CC8E7565705}") = "Task11", "Lab5\Task11\Task11.fsproj", "{D3FBA35A-C73F-4C76-AD57-C50B55011A2B}"
EndProject
Project("{6EC3EE1D-3C4E-46DD-8F32-0CC8E7565705}") = "Task12", "Lab5\Task12\Task12.fsproj", "{31C5258E-5633-4B0F-B2A6-56213F2F37F8}"
EndProject
Project("{6EC3EE1D-3C4E-46DD-8F32-0CC8E7565705}") = "Task13", "Lab5\Task13\Task13.fsproj", "{403AD0C1-4903-4890-92A2-7995B0D7CE96}"
EndProject
Project("{F2A71F9B-5D33-465A-A702-920D77279786}") = "Task14", "Lab5\Task14\Task14.fsproj", "{8ABC3517-7CEC-41D7-AC23-89A67DBF5495}"
EndProject
Project("{F2A71F9B-5D33-465A-A702-920D77279786}") = "Task15_16", "Lab5\Task15_16\Task15_16.fsproj", "{3BF92E70-A86A-4E21-9419-ED31ACD3FD34}"
EndProject
Project("{F2A71F9B-5D33-465A-A702-920D77279786}") = "Task17", "Lab5\Task17\Task17.fsproj", "{1B9BD036-0EA4-4CC4-80F4-48E5D6352013}"
EndProject
Project("{F2A71F9B-5D33-465A-A702-920D77279786}") = "Task18", "Lab5\Task18\Task18.fsproj", "{3AAF3472-F412-49F7-8B0B-764B5E316AE1}"
EndProject
Project("{2150E333-8FDC-42A3-9474-1A3956D46DE8}") = "Laba_5", "Laba_5", "{815CA615-2C3B-44ED-AB2C-74C40AE12C3C}"
EndProject
Global
	GlobalSection(SolutionConfigurationPlatforms) = preSolution
		Debug|Any CPU = Debug|Any CPU
		Release|Any CPU = Release|Any CPU
	EndGlobalSection
	GlobalSection(ProjectConfigurationPlatforms) = postSolution
		{D3FBA35A-C73F-4C76-AD57-C50B55011A2B}.Debug|Any CPU.ActiveCfg = Debug|Any CPU
		{D3FBA35A-C73F-4C76-AD57-C50B55011A2B}.Debug|Any CPU.Build.0 = Debug|Any CPU
		{D3FBA35A-C73F-4C76-AD57-C50B55011A2B}.Release|Any CPU.ActiveCfg = Release|Any CPU
		{D3FBA35A-C73F-4C76-AD57-C50B55011A2B}.Release|Any CPU.Build.0 = Release|Any CPU
		{31C5258E-5633-4B0F-B2A6-56213F2F37F8}.Debug|Any CPU.ActiveCfg = Debug|Any CPU
		{31C5258E-5633-4B0F-B2A6-56213F2F37F8}.Debug|Any CPU.Build.0 = Debug|Any CPU
		{31C5258E-5633-4B0F-B2A6-56213F2F37F8}.Release|Any CPU.ActiveCfg = Release|Any CPU
		{31C5258E-5633-4B0F-B2A6-56213F2F37F8}.Release|Any CPU.Build.0 = Release|Any CPU
		{403AD0C1-4903-4890-92A2-7995B0D7CE96}.Debug|Any CPU.ActiveCfg = Debug|Any CPU
		{403AD0C1-4903-4890-92A2-7995B0D7CE96}.Debug|Any CPU.Build.0 = Debug|Any CPU
		{403AD0C1-4903-4890-92A2-7995B0D7CE96}.Release|Any CPU.ActiveCfg = Release|Any CPU
		{403AD0C1-4903-4890-92A2-7995B0D7CE96}.Release|Any CPU.Build.0 = Release|Any CPU
		{8ABC3517-7CEC-41D7-AC23-89A67DBF5495}.Debug|Any CPU.ActiveCfg = Debug|Any CPU
		{8ABC3517-7CEC-41D7-AC23-89A67DBF5495}.Debug|Any CPU.Build.0 = Debug|Any CPU
		{8ABC3517-7CEC-41D7-AC23-89A67DBF5495}.Release|Any CPU.ActiveCfg = Release|Any CPU
		{8ABC3517-7CEC-41D7-AC23-89A67DBF5495}.Release|Any CPU.Build.0 = Release|Any CPU
		{3BF92E70-A86A-4E21-9419-ED31ACD3FD34}.Debug|Any CPU.ActiveCfg = Debug|Any CPU
		{3BF92E70-A86A-4E21-9419-ED31ACD3FD34}.Debug|Any CPU.Build.0 = Debug|Any CPU
		{3BF92E70-A86A-4E21-9419-ED31ACD3FD34}.Release|Any CPU.ActiveCfg = Release|Any CPU
		{3BF92E70-A86A-4E21-9419-ED31ACD3FD34}.Release|Any CPU.Build.0 = Release|Any CPU
		{1B9BD036-0EA4-4CC4-80F4-48E5D6352013}.Debug|Any CPU.ActiveCfg = Debug|Any CPU
		{1B9BD036-0EA4-4CC4-80F4-48E5D6352013}.Debug|Any CPU.Build.0 = Debug|Any CPU
		{1B9BD036-0EA4-4CC4-80F4-48E5D6352013}.Release|Any CPU.ActiveCfg = Release|Any CPU
		{1B9BD036-0EA4-4CC4-80F4-48E5D6352013}.Release|Any CPU.Build.0 = Release|Any CPU
		{3AAF3472-F412-49F7-8B0B-764B5E316AE1}.Debug|Any CPU.ActiveCfg = Debug|Any CPU
		{3AAF3472-F412-49F7-8B0B-764B5E316AE1}.Debug|Any CPU.Build.0 = Debug|Any CPU
		{3AAF3472-F412-49F7-8B0B-764B5E316AE1}.Release|Any CPU.ActiveCfg = Release|Any CPU
		{3AAF3472-F412-49F7-8B0B-764B5E316AE1}.Release|Any CPU.Build.0 = Release|Any CPU
	EndGlobalSection
	GlobalSection(SolutionProperties) = preSolution
		HideSolutionNode = FALSE
	EndGlobalSection
	GlobalSection(NestedProjects) = preSolution
		{D3FBA35A-C73F-4C76-AD57-C50B55011A2B} = {815CA615-2C3B-44ED-AB2C-74C40AE12C3C}
		{31C5258E-5633-4B0F-B2A6-56213F2F37F8} = {815CA615-2C3B-44ED-AB2C-74C40AE12C3C}
		{403AD0C1-4903-4890-92A2-7995B0D7CE96} = {815CA615-2C3B-44ED-AB2C-74C40AE12C3C}
		{8ABC3517-7CEC-41D7-AC23-89A67DBF5495} = {815CA615-2C3B-44ED-AB2C-74C40AE12C3C}
		{3BF92E70-A86A-4E21-9419-ED31ACD3FD34} = {815CA615-2C3B-44ED-AB2C-74C40AE12C3C}
		{1B9BD036-0EA4-4CC4-80F4-48E5D6352013} = {815CA615-2C3B-44ED-AB2C-74C40AE12C3C}
		{3AAF3472-F412-49F7-8B0B-764B5E316AE1} = {815CA615-2C3B-44ED-AB2C-74C40AE12C3C}
	EndGlobalSection
	GlobalSection(ExtensibilityGlobals) = postSolution
		SolutionGuid = {06EA7D30-F58A-44DF-B808-3A4646139B6A}
	EndGlobalSection
EndGlobal
