
Microsoft Visual Studio Solution File, Format Version 12.00
# Visual Studio Version 16
VisualStudioVersion = 16.0.31702.278
MinimumVisualStudioVersion = 10.0.40219.1
Project("{6EC3EE1D-3C4E-46DD-8F32-0CC8E7565705}") = "Task11", "Lab5\Task11\Task11.fsproj", "{D3FBA35A-C73F-4C76-AD57-C50B55011A2B}"
EndProject
Project("{6EC3EE1D-3C4E-46DD-8F32-0CC8E7565705}") = "Task12", "Lab5\Task12\Task12.fsproj", "{31C5258E-5633-4B0F-B2A6-56213F2F37F8}"
EndProject
Project("{6EC3EE1D-3C4E-46DD-8F32-0CC8E7565705}") = "Task13", "Lab5\Task13\Task13.fsproj", "{403AD0C1-4903-4890-92A2-7995B0D7CE96}"
EndProject
Project("{6EC3EE1D-3C4E-46DD-8F32-0CC8E7565705}") = "Task14", "Lab5\Task14\Task14.fsproj", "{8ABC3517-7CEC-41D7-AC23-89A67DBF5495}"
EndProject
Project("{6EC3EE1D-3C4E-46DD-8F32-0CC8E7565705}") = "Task15_16", "Lab5\Task15_16\Task15_16.fsproj", "{3BF92E70-A86A-4E21-9419-ED31ACD3FD34}"
EndProject
Project("{6EC3EE1D-3C4E-46DD-8F32-0CC8E7565705}") = "Task17", "Lab5\Task17\Task17.fsproj", "{1B9BD036-0EA4-4CC4-80F4-48E5D6352013}"
EndProject
Project("{6EC3EE1D-3C4E-46DD-8F32-0CC8E7565705}") = "Task18", "Lab5\Task18\Task18.fsproj", "{3AAF3472-F412-49F7-8B0B-764B5E316AE1}"
EndProject
Project("{2150E333-8FDC-42A3-9474-1A3956D46DE8}") = "Laba_5", "Laba_5", "{815CA615-2C3B-44ED-AB2C-74C40AE12C3C}"
EndProject
Project("{6EC3EE1D-3C4E-46DD-8F32-0CC8E7565705}") = "Task19", "Lab5\Task19\Task19.fsproj", "{FC3A8A57-AE81-41EF-B8B6-105994E3A280}"
EndProject
Project("{6EC3EE1D-3C4E-46DD-8F32-0CC8E7565705}") = "Task20", "Lab5\Task20\Task20.fsproj", "{7E0566EC-2A3B-4879-B163-6A12327AF932}"
EndProject
Project("{2150E333-8FDC-42A3-9474-1A3956D46DE8}") = "Laba_6", "Laba_6", "{849A569E-6F46-4E3B-B02D-28EBA1487EFE}"
EndProject
Project("{6EC3EE1D-3C4E-46DD-8F32-0CC8E7565705}") = "Task11", "Lab6\Task11\Task11.fsproj", "{86016C0A-7A87-45BD-8626-F5D66126A19A}"
EndProject
Project("{6EC3EE1D-3C4E-46DD-8F32-0CC8E7565705}") = "Task12", "Lab6\Task12\Task12.fsproj", "{DED01CA1-AD32-4D07-82FE-E0ED7DC93D7E}"
EndProject
Project("{6EC3EE1D-3C4E-46DD-8F32-0CC8E7565705}") = "Task13", "Lab6\Task13\Task13.fsproj", "{688FEA4A-98D6-45B9-B5B3-A68EB25B4B9D}"
EndProject
Project("{6EC3EE1D-3C4E-46DD-8F32-0CC8E7565705}") = "Task14", "Lab6\Task14\Task14.fsproj", "{2B2D70C9-6934-4F58-8D0C-16010D467CFC}"
EndProject
Project("{6EC3EE1D-3C4E-46DD-8F32-0CC8E7565705}") = "Task15", "Lab6\Task15\Task15.fsproj", "{805FE98D-92CB-449D-B5DE-AB3F17305A31}"
EndProject
Project("{6EC3EE1D-3C4E-46DD-8F32-0CC8E7565705}") = "Task16", "Lab6\Task16\Task16.fsproj", "{01F28223-9724-4F13-8054-AF9D1CF1D47C}"
EndProject
Project("{6EC3EE1D-3C4E-46DD-8F32-0CC8E7565705}") = "Task17", "Lab6\Task17\Task17.fsproj", "{748CBC52-7DFB-472C-B8BA-44B4C0B7331A}"
EndProject
Project("{6EC3EE1D-3C4E-46DD-8F32-0CC8E7565705}") = "Task18", "Lab6\Task18\Task18.fsproj", "{E5BE722D-5A8A-466A-8C09-144F33874C2B}"
EndProject
Project("{6EC3EE1D-3C4E-46DD-8F32-0CC8E7565705}") = "Task19", "Lab6\Task19\Task19.fsproj", "{4E2AE21D-9786-4158-915A-2431548A4FEE}"
EndProject
Project("{6EC3EE1D-3C4E-46DD-8F32-0CC8E7565705}") = "Task20", "Lab6\Task20\Task20.fsproj", "{9E2FF2B5-A55E-4640-9941-42A5135BEB29}"
EndProject
Project("{2150E333-8FDC-42A3-9474-1A3956D46DE8}") = "Laba_7", "Laba_7", "{E589F0DB-444B-4872-B460-26762C55D3B5}"
EndProject
Project("{6EC3EE1D-3C4E-46DD-8F32-0CC8E7565705}") = "Task1", "Lab7\Task1\Task1.fsproj", "{D9882350-4D3E-4C17-839C-D5D39D0B1A4A}"
EndProject
Project("{6EC3EE1D-3C4E-46DD-8F32-0CC8E7565705}") = "Task2", "Lab7\Task2\Task2.fsproj", "{C6579C1E-7F7A-43F4-824D-26BC876B7D6B}"
EndProject
Project("{6EC3EE1D-3C4E-46DD-8F32-0CC8E7565705}") = "Task3", "Lab7\Task3\Task3.fsproj", "{F71A0BB3-FB90-4309-A55E-936A786F6663}"
EndProject
Project("{6EC3EE1D-3C4E-46DD-8F32-0CC8E7565705}") = "Task4", "Lab7\Task4\Task4.fsproj", "{4F7A0353-6A1D-45EB-9AD6-CD2669C122C2}"
EndProject
Project("{6EC3EE1D-3C4E-46DD-8F32-0CC8E7565705}") = "Task5", "Lab7\Task5\Task5.fsproj", "{A2F316CC-9258-405E-B212-D1FACB39EE13}"
EndProject
Project("{6EC3EE1D-3C4E-46DD-8F32-0CC8E7565705}") = "Task6", "Lab7\Task6\Task6.fsproj", "{CE3DAC71-FF53-4D4D-B6DE-3FB1CE464552}"
EndProject
Project("{6EC3EE1D-3C4E-46DD-8F32-0CC8E7565705}") = "Task17", "Lab7\Task17\Task17.fsproj", "{8E945DBF-9BD3-4BD3-9D1A-7915865976F9}"
EndProject
Project("{6EC3EE1D-3C4E-46DD-8F32-0CC8E7565705}") = "Task18", "Lab7\Task18\Task18.fsproj", "{38D9A9D4-62AE-407F-B94D-5448348A6980}"
EndProject
Project("{6EC3EE1D-3C4E-46DD-8F32-0CC8E7565705}") = "Task19", "Lab7\Task19\Task19.fsproj", "{09251B56-220E-4391-AD48-24900EA85318}"
EndProject
Project("{6EC3EE1D-3C4E-46DD-8F32-0CC8E7565705}") = "Task20", "Lab7\Task20\Task20.fsproj", "{897B1C87-37E6-456F-B99A-93CC37589AED}"
EndProject
Project("{2150E333-8FDC-42A3-9474-1A3956D46DE8}") = "Laba_8", "Laba_8", "{50A54BD3-43E2-4CC6-9329-7B04C666B8AD}"
EndProject
Project("{6EC3EE1D-3C4E-46DD-8F32-0CC8E7565705}") = "Task1", "Lab8\Task1\Task1.fsproj", "{072AC1D9-91D0-41B7-9AB1-57203B35DFE7}"
EndProject
Project("{F2A71F9B-5D33-465A-A702-920D77279786}") = "Task2", "Lab8\Task2\Task2.fsproj", "{C1E949E5-B5CA-484F-8B0F-0C87689DCA33}"
EndProject
Global
	GlobalSection(SolutionConfigurationPlatforms) = preSolution
		Debug|Any CPU = Debug|Any CPU
		Release|Any CPU = Release|Any CPU
	EndGlobalSection
	GlobalSection(ProjectConfigurationPlatforms) = postSolution
		{D3FBA35A-C73F-4C76-AD57-C50B55011A2B}.Debug|Any CPU.ActiveCfg = Debug|Any CPU
		{D3FBA35A-C73F-4C76-AD57-C50B55011A2B}.Debug|Any CPU.Build.0 = Debug|Any CPU
		{D3FBA35A-C73F-4C76-AD57-C50B55011A2B}.Release|Any CPU.ActiveCfg = Release|Any CPU
		{D3FBA35A-C73F-4C76-AD57-C50B55011A2B}.Release|Any CPU.Build.0 = Release|Any CPU
		{31C5258E-5633-4B0F-B2A6-56213F2F37F8}.Debug|Any CPU.ActiveCfg = Debug|Any CPU
		{31C5258E-5633-4B0F-B2A6-56213F2F37F8}.Debug|Any CPU.Build.0 = Debug|Any CPU
		{31C5258E-5633-4B0F-B2A6-56213F2F37F8}.Release|Any CPU.ActiveCfg = Release|Any CPU
		{31C5258E-5633-4B0F-B2A6-56213F2F37F8}.Release|Any CPU.Build.0 = Release|Any CPU
		{403AD0C1-4903-4890-92A2-7995B0D7CE96}.Debug|Any CPU.ActiveCfg = Debug|Any CPU
		{403AD0C1-4903-4890-92A2-7995B0D7CE96}.Debug|Any CPU.Build.0 = Debug|Any CPU
		{403AD0C1-4903-4890-92A2-7995B0D7CE96}.Release|Any CPU.ActiveCfg = Release|Any CPU
		{403AD0C1-4903-4890-92A2-7995B0D7CE96}.Release|Any CPU.Build.0 = Release|Any CPU
		{8ABC3517-7CEC-41D7-AC23-89A67DBF5495}.Debug|Any CPU.ActiveCfg = Debug|Any CPU
		{8ABC3517-7CEC-41D7-AC23-89A67DBF5495}.Debug|Any CPU.Build.0 = Debug|Any CPU
		{8ABC3517-7CEC-41D7-AC23-89A67DBF5495}.Release|Any CPU.ActiveCfg = Release|Any CPU
		{8ABC3517-7CEC-41D7-AC23-89A67DBF5495}.Release|Any CPU.Build.0 = Release|Any CPU
		{3BF92E70-A86A-4E21-9419-ED31ACD3FD34}.Debug|Any CPU.ActiveCfg = Debug|Any CPU
		{3BF92E70-A86A-4E21-9419-ED31ACD3FD34}.Debug|Any CPU.Build.0 = Debug|Any CPU
		{3BF92E70-A86A-4E21-9419-ED31ACD3FD34}.Release|Any CPU.ActiveCfg = Release|Any CPU
		{3BF92E70-A86A-4E21-9419-ED31ACD3FD34}.Release|Any CPU.Build.0 = Release|Any CPU
		{1B9BD036-0EA4-4CC4-80F4-48E5D6352013}.Debug|Any CPU.ActiveCfg = Debug|Any CPU
		{1B9BD036-0EA4-4CC4-80F4-48E5D6352013}.Debug|Any CPU.Build.0 = Debug|Any CPU
		{1B9BD036-0EA4-4CC4-80F4-48E5D6352013}.Release|Any CPU.ActiveCfg = Release|Any CPU
		{1B9BD036-0EA4-4CC4-80F4-48E5D6352013}.Release|Any CPU.Build.0 = Release|Any CPU
		{3AAF3472-F412-49F7-8B0B-764B5E316AE1}.Debug|Any CPU.ActiveCfg = Debug|Any CPU
		{3AAF3472-F412-49F7-8B0B-764B5E316AE1}.Debug|Any CPU.Build.0 = Debug|Any CPU
		{3AAF3472-F412-49F7-8B0B-764B5E316AE1}.Release|Any CPU.ActiveCfg = Release|Any CPU
		{3AAF3472-F412-49F7-8B0B-764B5E316AE1}.Release|Any CPU.Build.0 = Release|Any CPU
		{FC3A8A57-AE81-41EF-B8B6-105994E3A280}.Debug|Any CPU.ActiveCfg = Debug|Any CPU
		{FC3A8A57-AE81-41EF-B8B6-105994E3A280}.Debug|Any CPU.Build.0 = Debug|Any CPU
		{FC3A8A57-AE81-41EF-B8B6-105994E3A280}.Release|Any CPU.ActiveCfg = Release|Any CPU
		{FC3A8A57-AE81-41EF-B8B6-105994E3A280}.Release|Any CPU.Build.0 = Release|Any CPU
		{7E0566EC-2A3B-4879-B163-6A12327AF932}.Debug|Any CPU.ActiveCfg = Debug|Any CPU
		{7E0566EC-2A3B-4879-B163-6A12327AF932}.Debug|Any CPU.Build.0 = Debug|Any CPU
		{7E0566EC-2A3B-4879-B163-6A12327AF932}.Release|Any CPU.ActiveCfg = Release|Any CPU
		{7E0566EC-2A3B-4879-B163-6A12327AF932}.Release|Any CPU.Build.0 = Release|Any CPU
		{86016C0A-7A87-45BD-8626-F5D66126A19A}.Debug|Any CPU.ActiveCfg = Debug|Any CPU
		{86016C0A-7A87-45BD-8626-F5D66126A19A}.Debug|Any CPU.Build.0 = Debug|Any CPU
		{86016C0A-7A87-45BD-8626-F5D66126A19A}.Release|Any CPU.ActiveCfg = Release|Any CPU
		{86016C0A-7A87-45BD-8626-F5D66126A19A}.Release|Any CPU.Build.0 = Release|Any CPU
		{DED01CA1-AD32-4D07-82FE-E0ED7DC93D7E}.Debug|Any CPU.ActiveCfg = Debug|Any CPU
		{DED01CA1-AD32-4D07-82FE-E0ED7DC93D7E}.Debug|Any CPU.Build.0 = Debug|Any CPU
		{DED01CA1-AD32-4D07-82FE-E0ED7DC93D7E}.Release|Any CPU.ActiveCfg = Release|Any CPU
		{DED01CA1-AD32-4D07-82FE-E0ED7DC93D7E}.Release|Any CPU.Build.0 = Release|Any CPU
		{688FEA4A-98D6-45B9-B5B3-A68EB25B4B9D}.Debug|Any CPU.ActiveCfg = Debug|Any CPU
		{688FEA4A-98D6-45B9-B5B3-A68EB25B4B9D}.Debug|Any CPU.Build.0 = Debug|Any CPU
		{688FEA4A-98D6-45B9-B5B3-A68EB25B4B9D}.Release|Any CPU.ActiveCfg = Release|Any CPU
		{688FEA4A-98D6-45B9-B5B3-A68EB25B4B9D}.Release|Any CPU.Build.0 = Release|Any CPU
		{2B2D70C9-6934-4F58-8D0C-16010D467CFC}.Debug|Any CPU.ActiveCfg = Debug|Any CPU
		{2B2D70C9-6934-4F58-8D0C-16010D467CFC}.Debug|Any CPU.Build.0 = Debug|Any CPU
		{2B2D70C9-6934-4F58-8D0C-16010D467CFC}.Release|Any CPU.ActiveCfg = Release|Any CPU
		{2B2D70C9-6934-4F58-8D0C-16010D467CFC}.Release|Any CPU.Build.0 = Release|Any CPU
		{805FE98D-92CB-449D-B5DE-AB3F17305A31}.Debug|Any CPU.ActiveCfg = Debug|Any CPU
		{805FE98D-92CB-449D-B5DE-AB3F17305A31}.Debug|Any CPU.Build.0 = Debug|Any CPU
		{805FE98D-92CB-449D-B5DE-AB3F17305A31}.Release|Any CPU.ActiveCfg = Release|Any CPU
		{805FE98D-92CB-449D-B5DE-AB3F17305A31}.Release|Any CPU.Build.0 = Release|Any CPU
		{01F28223-9724-4F13-8054-AF9D1CF1D47C}.Debug|Any CPU.ActiveCfg = Debug|Any CPU
		{01F28223-9724-4F13-8054-AF9D1CF1D47C}.Debug|Any CPU.Build.0 = Debug|Any CPU
		{01F28223-9724-4F13-8054-AF9D1CF1D47C}.Release|Any CPU.ActiveCfg = Release|Any CPU
		{01F28223-9724-4F13-8054-AF9D1CF1D47C}.Release|Any CPU.Build.0 = Release|Any CPU
		{748CBC52-7DFB-472C-B8BA-44B4C0B7331A}.Debug|Any CPU.ActiveCfg = Debug|Any CPU
		{748CBC52-7DFB-472C-B8BA-44B4C0B7331A}.Debug|Any CPU.Build.0 = Debug|Any CPU
		{748CBC52-7DFB-472C-B8BA-44B4C0B7331A}.Release|Any CPU.ActiveCfg = Release|Any CPU
		{748CBC52-7DFB-472C-B8BA-44B4C0B7331A}.Release|Any CPU.Build.0 = Release|Any CPU
		{E5BE722D-5A8A-466A-8C09-144F33874C2B}.Debug|Any CPU.ActiveCfg = Debug|Any CPU
		{E5BE722D-5A8A-466A-8C09-144F33874C2B}.Debug|Any CPU.Build.0 = Debug|Any CPU
		{E5BE722D-5A8A-466A-8C09-144F33874C2B}.Release|Any CPU.ActiveCfg = Release|Any CPU
		{E5BE722D-5A8A-466A-8C09-144F33874C2B}.Release|Any CPU.Build.0 = Release|Any CPU
		{4E2AE21D-9786-4158-915A-2431548A4FEE}.Debug|Any CPU.ActiveCfg = Debug|Any CPU
		{4E2AE21D-9786-4158-915A-2431548A4FEE}.Debug|Any CPU.Build.0 = Debug|Any CPU
		{4E2AE21D-9786-4158-915A-2431548A4FEE}.Release|Any CPU.ActiveCfg = Release|Any CPU
		{4E2AE21D-9786-4158-915A-2431548A4FEE}.Release|Any CPU.Build.0 = Release|Any CPU
		{9E2FF2B5-A55E-4640-9941-42A5135BEB29}.Debug|Any CPU.ActiveCfg = Debug|Any CPU
		{9E2FF2B5-A55E-4640-9941-42A5135BEB29}.Debug|Any CPU.Build.0 = Debug|Any CPU
		{9E2FF2B5-A55E-4640-9941-42A5135BEB29}.Release|Any CPU.ActiveCfg = Release|Any CPU
		{9E2FF2B5-A55E-4640-9941-42A5135BEB29}.Release|Any CPU.Build.0 = Release|Any CPU
		{D9882350-4D3E-4C17-839C-D5D39D0B1A4A}.Debug|Any CPU.ActiveCfg = Debug|Any CPU
		{D9882350-4D3E-4C17-839C-D5D39D0B1A4A}.Debug|Any CPU.Build.0 = Debug|Any CPU
		{D9882350-4D3E-4C17-839C-D5D39D0B1A4A}.Release|Any CPU.ActiveCfg = Release|Any CPU
		{D9882350-4D3E-4C17-839C-D5D39D0B1A4A}.Release|Any CPU.Build.0 = Release|Any CPU
		{C6579C1E-7F7A-43F4-824D-26BC876B7D6B}.Debug|Any CPU.ActiveCfg = Debug|Any CPU
		{C6579C1E-7F7A-43F4-824D-26BC876B7D6B}.Debug|Any CPU.Build.0 = Debug|Any CPU
		{C6579C1E-7F7A-43F4-824D-26BC876B7D6B}.Release|Any CPU.ActiveCfg = Release|Any CPU
		{C6579C1E-7F7A-43F4-824D-26BC876B7D6B}.Release|Any CPU.Build.0 = Release|Any CPU
		{F71A0BB3-FB90-4309-A55E-936A786F6663}.Debug|Any CPU.ActiveCfg = Debug|Any CPU
		{F71A0BB3-FB90-4309-A55E-936A786F6663}.Debug|Any CPU.Build.0 = Debug|Any CPU
		{F71A0BB3-FB90-4309-A55E-936A786F6663}.Release|Any CPU.ActiveCfg = Release|Any CPU
		{F71A0BB3-FB90-4309-A55E-936A786F6663}.Release|Any CPU.Build.0 = Release|Any CPU
		{4F7A0353-6A1D-45EB-9AD6-CD2669C122C2}.Debug|Any CPU.ActiveCfg = Debug|Any CPU
		{4F7A0353-6A1D-45EB-9AD6-CD2669C122C2}.Debug|Any CPU.Build.0 = Debug|Any CPU
		{4F7A0353-6A1D-45EB-9AD6-CD2669C122C2}.Release|Any CPU.ActiveCfg = Release|Any CPU
		{4F7A0353-6A1D-45EB-9AD6-CD2669C122C2}.Release|Any CPU.Build.0 = Release|Any CPU
		{A2F316CC-9258-405E-B212-D1FACB39EE13}.Debug|Any CPU.ActiveCfg = Debug|Any CPU
		{A2F316CC-9258-405E-B212-D1FACB39EE13}.Debug|Any CPU.Build.0 = Debug|Any CPU
		{A2F316CC-9258-405E-B212-D1FACB39EE13}.Release|Any CPU.ActiveCfg = Release|Any CPU
		{A2F316CC-9258-405E-B212-D1FACB39EE13}.Release|Any CPU.Build.0 = Release|Any CPU
		{CE3DAC71-FF53-4D4D-B6DE-3FB1CE464552}.Debug|Any CPU.ActiveCfg = Debug|Any CPU
		{CE3DAC71-FF53-4D4D-B6DE-3FB1CE464552}.Debug|Any CPU.Build.0 = Debug|Any CPU
		{CE3DAC71-FF53-4D4D-B6DE-3FB1CE464552}.Release|Any CPU.ActiveCfg = Release|Any CPU
		{CE3DAC71-FF53-4D4D-B6DE-3FB1CE464552}.Release|Any CPU.Build.0 = Release|Any CPU
		{8E945DBF-9BD3-4BD3-9D1A-7915865976F9}.Debug|Any CPU.ActiveCfg = Debug|Any CPU
		{8E945DBF-9BD3-4BD3-9D1A-7915865976F9}.Debug|Any CPU.Build.0 = Debug|Any CPU
		{8E945DBF-9BD3-4BD3-9D1A-7915865976F9}.Release|Any CPU.ActiveCfg = Release|Any CPU
		{8E945DBF-9BD3-4BD3-9D1A-7915865976F9}.Release|Any CPU.Build.0 = Release|Any CPU
		{38D9A9D4-62AE-407F-B94D-5448348A6980}.Debug|Any CPU.ActiveCfg = Debug|Any CPU
		{38D9A9D4-62AE-407F-B94D-5448348A6980}.Debug|Any CPU.Build.0 = Debug|Any CPU
		{38D9A9D4-62AE-407F-B94D-5448348A6980}.Release|Any CPU.ActiveCfg = Release|Any CPU
		{38D9A9D4-62AE-407F-B94D-5448348A6980}.Release|Any CPU.Build.0 = Release|Any CPU
		{09251B56-220E-4391-AD48-24900EA85318}.Debug|Any CPU.ActiveCfg = Debug|Any CPU
		{09251B56-220E-4391-AD48-24900EA85318}.Debug|Any CPU.Build.0 = Debug|Any CPU
		{09251B56-220E-4391-AD48-24900EA85318}.Release|Any CPU.ActiveCfg = Release|Any CPU
		{09251B56-220E-4391-AD48-24900EA85318}.Release|Any CPU.Build.0 = Release|Any CPU
		{897B1C87-37E6-456F-B99A-93CC37589AED}.Debug|Any CPU.ActiveCfg = Debug|Any CPU
		{897B1C87-37E6-456F-B99A-93CC37589AED}.Debug|Any CPU.Build.0 = Debug|Any CPU
		{897B1C87-37E6-456F-B99A-93CC37589AED}.Release|Any CPU.ActiveCfg = Release|Any CPU
		{897B1C87-37E6-456F-B99A-93CC37589AED}.Release|Any CPU.Build.0 = Release|Any CPU
		{072AC1D9-91D0-41B7-9AB1-57203B35DFE7}.Debug|Any CPU.ActiveCfg = Debug|Any CPU
		{072AC1D9-91D0-41B7-9AB1-57203B35DFE7}.Debug|Any CPU.Build.0 = Debug|Any CPU
		{072AC1D9-91D0-41B7-9AB1-57203B35DFE7}.Release|Any CPU.ActiveCfg = Release|Any CPU
		{072AC1D9-91D0-41B7-9AB1-57203B35DFE7}.Release|Any CPU.Build.0 = Release|Any CPU
		{C1E949E5-B5CA-484F-8B0F-0C87689DCA33}.Debug|Any CPU.ActiveCfg = Debug|Any CPU
		{C1E949E5-B5CA-484F-8B0F-0C87689DCA33}.Debug|Any CPU.Build.0 = Debug|Any CPU
		{C1E949E5-B5CA-484F-8B0F-0C87689DCA33}.Release|Any CPU.ActiveCfg = Release|Any CPU
		{C1E949E5-B5CA-484F-8B0F-0C87689DCA33}.Release|Any CPU.Build.0 = Release|Any CPU
	EndGlobalSection
	GlobalSection(SolutionProperties) = preSolution
		HideSolutionNode = FALSE
	EndGlobalSection
	GlobalSection(NestedProjects) = preSolution
		{D3FBA35A-C73F-4C76-AD57-C50B55011A2B} = {815CA615-2C3B-44ED-AB2C-74C40AE12C3C}
		{31C5258E-5633-4B0F-B2A6-56213F2F37F8} = {815CA615-2C3B-44ED-AB2C-74C40AE12C3C}
		{403AD0C1-4903-4890-92A2-7995B0D7CE96} = {815CA615-2C3B-44ED-AB2C-74C40AE12C3C}
		{8ABC3517-7CEC-41D7-AC23-89A67DBF5495} = {815CA615-2C3B-44ED-AB2C-74C40AE12C3C}
		{3BF92E70-A86A-4E21-9419-ED31ACD3FD34} = {815CA615-2C3B-44ED-AB2C-74C40AE12C3C}
		{1B9BD036-0EA4-4CC4-80F4-48E5D6352013} = {815CA615-2C3B-44ED-AB2C-74C40AE12C3C}
		{3AAF3472-F412-49F7-8B0B-764B5E316AE1} = {815CA615-2C3B-44ED-AB2C-74C40AE12C3C}
		{FC3A8A57-AE81-41EF-B8B6-105994E3A280} = {815CA615-2C3B-44ED-AB2C-74C40AE12C3C}
		{7E0566EC-2A3B-4879-B163-6A12327AF932} = {815CA615-2C3B-44ED-AB2C-74C40AE12C3C}
		{86016C0A-7A87-45BD-8626-F5D66126A19A} = {849A569E-6F46-4E3B-B02D-28EBA1487EFE}
		{DED01CA1-AD32-4D07-82FE-E0ED7DC93D7E} = {849A569E-6F46-4E3B-B02D-28EBA1487EFE}
		{688FEA4A-98D6-45B9-B5B3-A68EB25B4B9D} = {849A569E-6F46-4E3B-B02D-28EBA1487EFE}
		{2B2D70C9-6934-4F58-8D0C-16010D467CFC} = {849A569E-6F46-4E3B-B02D-28EBA1487EFE}
		{805FE98D-92CB-449D-B5DE-AB3F17305A31} = {849A569E-6F46-4E3B-B02D-28EBA1487EFE}
		{01F28223-9724-4F13-8054-AF9D1CF1D47C} = {849A569E-6F46-4E3B-B02D-28EBA1487EFE}
		{748CBC52-7DFB-472C-B8BA-44B4C0B7331A} = {849A569E-6F46-4E3B-B02D-28EBA1487EFE}
		{E5BE722D-5A8A-466A-8C09-144F33874C2B} = {849A569E-6F46-4E3B-B02D-28EBA1487EFE}
		{4E2AE21D-9786-4158-915A-2431548A4FEE} = {849A569E-6F46-4E3B-B02D-28EBA1487EFE}
		{9E2FF2B5-A55E-4640-9941-42A5135BEB29} = {849A569E-6F46-4E3B-B02D-28EBA1487EFE}
		{D9882350-4D3E-4C17-839C-D5D39D0B1A4A} = {E589F0DB-444B-4872-B460-26762C55D3B5}
		{C6579C1E-7F7A-43F4-824D-26BC876B7D6B} = {E589F0DB-444B-4872-B460-26762C55D3B5}
		{F71A0BB3-FB90-4309-A55E-936A786F6663} = {E589F0DB-444B-4872-B460-26762C55D3B5}
		{4F7A0353-6A1D-45EB-9AD6-CD2669C122C2} = {E589F0DB-444B-4872-B460-26762C55D3B5}
		{A2F316CC-9258-405E-B212-D1FACB39EE13} = {E589F0DB-444B-4872-B460-26762C55D3B5}
		{CE3DAC71-FF53-4D4D-B6DE-3FB1CE464552} = {E589F0DB-444B-4872-B460-26762C55D3B5}
		{8E945DBF-9BD3-4BD3-9D1A-7915865976F9} = {E589F0DB-444B-4872-B460-26762C55D3B5}
		{38D9A9D4-62AE-407F-B94D-5448348A6980} = {E589F0DB-444B-4872-B460-26762C55D3B5}
		{09251B56-220E-4391-AD48-24900EA85318} = {E589F0DB-444B-4872-B460-26762C55D3B5}
		{897B1C87-37E6-456F-B99A-93CC37589AED} = {E589F0DB-444B-4872-B460-26762C55D3B5}
		{072AC1D9-91D0-41B7-9AB1-57203B35DFE7} = {50A54BD3-43E2-4CC6-9329-7B04C666B8AD}
		{C1E949E5-B5CA-484F-8B0F-0C87689DCA33} = {50A54BD3-43E2-4CC6-9329-7B04C666B8AD}
	EndGlobalSection
	GlobalSection(ExtensibilityGlobals) = postSolution
		SolutionGuid = {06EA7D30-F58A-44DF-B808-3A4646139B6A}
	EndGlobalSection
EndGlobal
